
Microsoft Visual Studio Solution File, Format Version 12.00
# Visual Studio 14
VisualStudioVersion = 14.0.25420.1
MinimumVisualStudioVersion = 10.0.40219.1
Project("{FAE04EC0-301F-11D3-BF4B-00C04F79EFBC}") = "Cake.Yarn", "src\Cake.Yarn\Cake.Yarn.csproj", "{1431203B-2A02-4FD2-8CDD-CEBCB6FC078C}"
EndProject
Project("{2150E333-8FDC-42A3-9474-1A3956D46DE8}") = "src", "src", "{6AE92CDA-3EC9-4918-9352-8F3194676EFD}"
EndProject
Project("{FAE04EC0-301F-11D3-BF4B-00C04F79EFBC}") = "Cake.Yarn.Tests", "src\Cake.Yarn.Tests\Cake.Yarn.Tests.csproj", "{F126BDF6-AC2F-4B2B-BD7E-8746F6829EE4}"
EndProject
Project("{2150E333-8FDC-42A3-9474-1A3956D46DE8}") = "Solution Items", "Solution Items", "{E310D9BA-BCDF-4C6A-97AF-C2F072FBFE94}"
	ProjectSection(SolutionItems) = preProject
		cake.config = cake.config
		README.md = README.md
	EndProjectSection
EndProject
Global
	GlobalSection(SolutionConfigurationPlatforms) = preSolution
		Debug|Any CPU = Debug|Any CPU
		Release|Any CPU = Release|Any CPU
	EndGlobalSection
	GlobalSection(ProjectConfigurationPlatforms) = postSolution
		{1431203B-2A02-4FD2-8CDD-CEBCB6FC078C}.Debug|Any CPU.ActiveCfg = Debug|Any CPU
		{1431203B-2A02-4FD2-8CDD-CEBCB6FC078C}.Debug|Any CPU.Build.0 = Debug|Any CPU
		{1431203B-2A02-4FD2-8CDD-CEBCB6FC078C}.Release|Any CPU.ActiveCfg = Release|Any CPU
		{1431203B-2A02-4FD2-8CDD-CEBCB6FC078C}.Release|Any CPU.Build.0 = Release|Any CPU
		{F126BDF6-AC2F-4B2B-BD7E-8746F6829EE4}.Debug|Any CPU.ActiveCfg = Debug|Any CPU
		{F126BDF6-AC2F-4B2B-BD7E-8746F6829EE4}.Debug|Any CPU.Build.0 = Debug|Any CPU
		{F126BDF6-AC2F-4B2B-BD7E-8746F6829EE4}.Release|Any CPU.ActiveCfg = Release|Any CPU
		{F126BDF6-AC2F-4B2B-BD7E-8746F6829EE4}.Release|Any CPU.Build.0 = Release|Any CPU
	EndGlobalSection
	GlobalSection(SolutionProperties) = preSolution
		HideSolutionNode = FALSE
	EndGlobalSection
	GlobalSection(NestedProjects) = preSolution
		{1431203B-2A02-4FD2-8CDD-CEBCB6FC078C} = {6AE92CDA-3EC9-4918-9352-8F3194676EFD}
		{F126BDF6-AC2F-4B2B-BD7E-8746F6829EE4} = {6AE92CDA-3EC9-4918-9352-8F3194676EFD}
	EndGlobalSection
EndGlobal
